<?xml version="1.0" encoding="UTF-8"?>
<CodeBlocks_project_file>
	<FileVersion major="1" minor="6"/>
	<Project>
		<Option title="GameEngine"/>
		<Option makefile_is_custom="1"/>
		<Option compiler="gcc"/>
		<Option virtualFolders="CMake Files\;CMake Files\CppGameEngine\;CMake Files\..\;CMake Files\..\..\;CMake Files\..\..\..\;CMake Files\..\..\..\..\;CMake Files\..\..\..\..\..\;CMake Files\..\..\..\..\..\..\;CMake Files\..\..\..\..\..\..\usr\;CMake Files\..\..\..\..\..\..\usr\local\;CMake Files\..\..\..\..\..\..\usr\local\lib\;CMake Files\..\..\..\..\..\..\usr\local\lib\cmake\;CMake Files\..\..\..\..\..\..\usr\local\lib\cmake\glfw3\;CMake Files\Fps\;"/>
		<Build>
			<Target title="all">
				<Option working_dir="/home/dra/Desktop/Projects/cpp/GameEngine"/>
				<Option type="4"/>
				<MakeCommands>
					<Build command="/usr/bin/make -j8 -f &quot;/home/dra/Desktop/Projects/cpp/GameEngine/Makefile&quot;  VERBOSE=1 all"/>
					<CompileFile command="/usr/bin/make -j8 -f &quot;/home/dra/Desktop/Projects/cpp/GameEngine/Makefile&quot;  VERBOSE=1 &quot;$file&quot;"/>
					<Clean command="/usr/bin/make -j8 -f &quot;/home/dra/Desktop/Projects/cpp/GameEngine/Makefile&quot;  VERBOSE=1 clean"/>
					<DistClean command="/usr/bin/make -j8 -f &quot;/home/dra/Desktop/Projects/cpp/GameEngine/Makefile&quot;  VERBOSE=1 clean"/>
				</MakeCommands>
			</Target>
			<Target title="install/strip">
				<Option working_dir="/home/dra/Desktop/Projects/cpp/GameEngine"/>
				<Option type="4"/>
				<MakeCommands>
					<Build command="/usr/bin/make -j8 -f &quot;/home/dra/Desktop/Projects/cpp/GameEngine/Makefile&quot;  VERBOSE=1 install/strip"/>
					<CompileFile command="/usr/bin/make -j8 -f &quot;/home/dra/Desktop/Projects/cpp/GameEngine/Makefile&quot;  VERBOSE=1 &quot;$file&quot;"/>
					<Clean command="/usr/bin/make -j8 -f &quot;/home/dra/Desktop/Projects/cpp/GameEngine/Makefile&quot;  VERBOSE=1 clean"/>
					<DistClean command="/usr/bin/make -j8 -f &quot;/home/dra/Desktop/Projects/cpp/GameEngine/Makefile&quot;  VERBOSE=1 clean"/>
				</MakeCommands>
			</Target>
			<Target title="install/local">
				<Option working_dir="/home/dra/Desktop/Projects/cpp/GameEngine"/>
				<Option type="4"/>
				<MakeCommands>
					<Build command="/usr/bin/make -j8 -f &quot;/home/dra/Desktop/Projects/cpp/GameEngine/Makefile&quot;  VERBOSE=1 install/local"/>
					<CompileFile command="/usr/bin/make -j8 -f &quot;/home/dra/Desktop/Projects/cpp/GameEngine/Makefile&quot;  VERBOSE=1 &quot;$file&quot;"/>
					<Clean command="/usr/bin/make -j8 -f &quot;/home/dra/Desktop/Projects/cpp/GameEngine/Makefile&quot;  VERBOSE=1 clean"/>
					<DistClean command="/usr/bin/make -j8 -f &quot;/home/dra/Desktop/Projects/cpp/GameEngine/Makefile&quot;  VERBOSE=1 clean"/>
				</MakeCommands>
			</Target>
			<Target title="edit_cache">
				<Option working_dir="/home/dra/Desktop/Projects/cpp/GameEngine"/>
				<Option type="4"/>
				<MakeCommands>
					<Build command="/usr/bin/make -j8 -f &quot;/home/dra/Desktop/Projects/cpp/GameEngine/Makefile&quot;  VERBOSE=1 edit_cache"/>
					<CompileFile command="/usr/bin/make -j8 -f &quot;/home/dra/Desktop/Projects/cpp/GameEngine/Makefile&quot;  VERBOSE=1 &quot;$file&quot;"/>
					<Clean command="/usr/bin/make -j8 -f &quot;/home/dra/Desktop/Projects/cpp/GameEngine/Makefile&quot;  VERBOSE=1 clean"/>
					<DistClean command="/usr/bin/make -j8 -f &quot;/home/dra/Desktop/Projects/cpp/GameEngine/Makefile&quot;  VERBOSE=1 clean"/>
				</MakeCommands>
			</Target>
			<Target title="rebuild_cache">
				<Option working_dir="/home/dra/Desktop/Projects/cpp/GameEngine"/>
				<Option type="4"/>
				<MakeCommands>
					<Build command="/usr/bin/make -j8 -f &quot;/home/dra/Desktop/Projects/cpp/GameEngine/Makefile&quot;  VERBOSE=1 rebuild_cache"/>
					<CompileFile command="/usr/bin/make -j8 -f &quot;/home/dra/Desktop/Projects/cpp/GameEngine/Makefile&quot;  VERBOSE=1 &quot;$file&quot;"/>
					<Clean command="/usr/bin/make -j8 -f &quot;/home/dra/Desktop/Projects/cpp/GameEngine/Makefile&quot;  VERBOSE=1 clean"/>
					<DistClean command="/usr/bin/make -j8 -f &quot;/home/dra/Desktop/Projects/cpp/GameEngine/Makefile&quot;  VERBOSE=1 clean"/>
				</MakeCommands>
			</Target>
			<Target title="list_install_components">
				<Option working_dir="/home/dra/Desktop/Projects/cpp/GameEngine"/>
				<Option type="4"/>
				<MakeCommands>
					<Build command="/usr/bin/make -j8 -f &quot;/home/dra/Desktop/Projects/cpp/GameEngine/Makefile&quot;  VERBOSE=1 list_install_components"/>
					<CompileFile command="/usr/bin/make -j8 -f &quot;/home/dra/Desktop/Projects/cpp/GameEngine/Makefile&quot;  VERBOSE=1 &quot;$file&quot;"/>
					<Clean command="/usr/bin/make -j8 -f &quot;/home/dra/Desktop/Projects/cpp/GameEngine/Makefile&quot;  VERBOSE=1 clean"/>
					<DistClean command="/usr/bin/make -j8 -f &quot;/home/dra/Desktop/Projects/cpp/GameEngine/Makefile&quot;  VERBOSE=1 clean"/>
				</MakeCommands>
			</Target>
			<Target title="install">
				<Option working_dir="/home/dra/Desktop/Projects/cpp/GameEngine"/>
				<Option type="4"/>
				<MakeCommands>
					<Build command="/usr/bin/make -j8 -f &quot;/home/dra/Desktop/Projects/cpp/GameEngine/Makefile&quot;  VERBOSE=1 install"/>
					<CompileFile command="/usr/bin/make -j8 -f &quot;/home/dra/Desktop/Projects/cpp/GameEngine/Makefile&quot;  VERBOSE=1 &quot;$file&quot;"/>
					<Clean command="/usr/bin/make -j8 -f &quot;/home/dra/Desktop/Projects/cpp/GameEngine/Makefile&quot;  VERBOSE=1 clean"/>
					<DistClean command="/usr/bin/make -j8 -f &quot;/home/dra/Desktop/Projects/cpp/GameEngine/Makefile&quot;  VERBOSE=1 clean"/>
				</MakeCommands>
			</Target>
			<Target title="Fps">
				<Option output="/home/dra/Desktop/Projects/cpp/GameEngine/Fps/Fps" prefix_auto="0" extension_auto="0"/>
				<Option working_dir="/home/dra/Desktop/Projects/cpp/GameEngine/Fps"/>
				<Option object_output="./"/>
				<Option type="1"/>
				<Option compiler="gcc"/>
				<Compiler>
					<Add directory="/home/dra/Desktop/Projects/cpp/GameEngine/CppGameEngine"/>
					<Add directory="/usr/lib/gcc/x86_64-pc-linux-gnu/9.3.0/../../../../include/c++/9.3.0"/>
					<Add directory="/usr/lib/gcc/x86_64-pc-linux-gnu/9.3.0/../../../../include/c++/9.3.0/x86_64-pc-linux-gnu"/>
					<Add directory="/usr/lib/gcc/x86_64-pc-linux-gnu/9.3.0/../../../../include/c++/9.3.0/backward"/>
					<Add directory="/usr/lib/gcc/x86_64-pc-linux-gnu/9.3.0/include"/>
					<Add directory="/usr/local/include"/>
					<Add directory="/usr/lib/gcc/x86_64-pc-linux-gnu/9.3.0/include-fixed"/>
					<Add directory="/usr/include"/>
				</Compiler>
				<MakeCommands>
					<Build command="/usr/bin/make -j8 -f &quot;/home/dra/Desktop/Projects/cpp/GameEngine/Fps/Makefile&quot;  VERBOSE=1 Fps"/>
					<CompileFile command="/usr/bin/make -j8 -f &quot;/home/dra/Desktop/Projects/cpp/GameEngine/Fps/Makefile&quot;  VERBOSE=1 &quot;$file&quot;"/>
					<Clean command="/usr/bin/make -j8 -f &quot;/home/dra/Desktop/Projects/cpp/GameEngine/Fps/Makefile&quot;  VERBOSE=1 clean"/>
					<DistClean command="/usr/bin/make -j8 -f &quot;/home/dra/Desktop/Projects/cpp/GameEngine/Fps/Makefile&quot;  VERBOSE=1 clean"/>
				</MakeCommands>
			</Target>
			<Target title="Fps/fast">
				<Option output="/home/dra/Desktop/Projects/cpp/GameEngine/Fps/Fps" prefix_auto="0" extension_auto="0"/>
				<Option working_dir="/home/dra/Desktop/Projects/cpp/GameEngine/Fps"/>
				<Option object_output="./"/>
				<Option type="1"/>
				<Option compiler="gcc"/>
				<Compiler>
					<Add directory="/home/dra/Desktop/Projects/cpp/GameEngine/CppGameEngine"/>
					<Add directory="/usr/lib/gcc/x86_64-pc-linux-gnu/9.3.0/../../../../include/c++/9.3.0"/>
					<Add directory="/usr/lib/gcc/x86_64-pc-linux-gnu/9.3.0/../../../../include/c++/9.3.0/x86_64-pc-linux-gnu"/>
					<Add directory="/usr/lib/gcc/x86_64-pc-linux-gnu/9.3.0/../../../../include/c++/9.3.0/backward"/>
					<Add directory="/usr/lib/gcc/x86_64-pc-linux-gnu/9.3.0/include"/>
					<Add directory="/usr/local/include"/>
					<Add directory="/usr/lib/gcc/x86_64-pc-linux-gnu/9.3.0/include-fixed"/>
					<Add directory="/usr/include"/>
				</Compiler>
				<MakeCommands>
					<Build command="/usr/bin/make -j8 -f &quot;/home/dra/Desktop/Projects/cpp/GameEngine/Fps/Makefile&quot;  VERBOSE=1 Fps/fast"/>
					<CompileFile command="/usr/bin/make -j8 -f &quot;/home/dra/Desktop/Projects/cpp/GameEngine/Fps/Makefile&quot;  VERBOSE=1 &quot;$file&quot;"/>
					<Clean command="/usr/bin/make -j8 -f &quot;/home/dra/Desktop/Projects/cpp/GameEngine/Fps/Makefile&quot;  VERBOSE=1 clean"/>
					<DistClean command="/usr/bin/make -j8 -f &quot;/home/dra/Desktop/Projects/cpp/GameEngine/Fps/Makefile&quot;  VERBOSE=1 clean"/>
				</MakeCommands>
			</Target>
			<Target title="CppGameEngine">
				<Option output="/home/dra/Desktop/Projects/cpp/GameEngine/CppGameEngine/libCppGameEngine.a" prefix_auto="0" extension_auto="0"/>
				<Option working_dir="/home/dra/Desktop/Projects/cpp/GameEngine/CppGameEngine"/>
				<Option object_output="./"/>
				<Option type="2"/>
				<Option compiler="gcc"/>
				<Compiler>
					<Add directory="/home/dra/Desktop/Projects/cpp/GameEngine/CppGameEngine/CppGameEngine"/>
					<Add directory="/usr/local/inclue/GLFW"/>
					<Add directory="/usr/include/GL"/>
					<Add directory="/usr/local/include/libpng16"/>
					<Add directory="/usr/lib/gcc/x86_64-pc-linux-gnu/9.3.0/../../../../include/c++/9.3.0"/>
					<Add directory="/usr/lib/gcc/x86_64-pc-linux-gnu/9.3.0/../../../../include/c++/9.3.0/x86_64-pc-linux-gnu"/>
					<Add directory="/usr/lib/gcc/x86_64-pc-linux-gnu/9.3.0/../../../../include/c++/9.3.0/backward"/>
					<Add directory="/usr/lib/gcc/x86_64-pc-linux-gnu/9.3.0/include"/>
					<Add directory="/usr/local/include"/>
					<Add directory="/usr/lib/gcc/x86_64-pc-linux-gnu/9.3.0/include-fixed"/>
					<Add directory="/usr/include"/>
				</Compiler>
				<MakeCommands>
					<Build command="/usr/bin/make -j8 -f &quot;/home/dra/Desktop/Projects/cpp/GameEngine/CppGameEngine/Makefile&quot;  VERBOSE=1 CppGameEngine"/>
					<CompileFile command="/usr/bin/make -j8 -f &quot;/home/dra/Desktop/Projects/cpp/GameEngine/CppGameEngine/Makefile&quot;  VERBOSE=1 &quot;$file&quot;"/>
					<Clean command="/usr/bin/make -j8 -f &quot;/home/dra/Desktop/Projects/cpp/GameEngine/CppGameEngine/Makefile&quot;  VERBOSE=1 clean"/>
					<DistClean command="/usr/bin/make -j8 -f &quot;/home/dra/Desktop/Projects/cpp/GameEngine/CppGameEngine/Makefile&quot;  VERBOSE=1 clean"/>
				</MakeCommands>
			</Target>
			<Target title="CppGameEngine/fast">
				<Option output="/home/dra/Desktop/Projects/cpp/GameEngine/CppGameEngine/libCppGameEngine.a" prefix_auto="0" extension_auto="0"/>
				<Option working_dir="/home/dra/Desktop/Projects/cpp/GameEngine/CppGameEngine"/>
				<Option object_output="./"/>
				<Option type="2"/>
				<Option compiler="gcc"/>
				<Compiler>
					<Add directory="/home/dra/Desktop/Projects/cpp/GameEngine/CppGameEngine/CppGameEngine"/>
					<Add directory="/usr/local/inclue/GLFW"/>
					<Add directory="/usr/include/GL"/>
					<Add directory="/usr/local/include/libpng16"/>
					<Add directory="/usr/lib/gcc/x86_64-pc-linux-gnu/9.3.0/../../../../include/c++/9.3.0"/>
					<Add directory="/usr/lib/gcc/x86_64-pc-linux-gnu/9.3.0/../../../../include/c++/9.3.0/x86_64-pc-linux-gnu"/>
					<Add directory="/usr/lib/gcc/x86_64-pc-linux-gnu/9.3.0/../../../../include/c++/9.3.0/backward"/>
					<Add directory="/usr/lib/gcc/x86_64-pc-linux-gnu/9.3.0/include"/>
					<Add directory="/usr/local/include"/>
					<Add directory="/usr/lib/gcc/x86_64-pc-linux-gnu/9.3.0/include-fixed"/>
					<Add directory="/usr/include"/>
				</Compiler>
				<MakeCommands>
					<Build command="/usr/bin/make -j8 -f &quot;/home/dra/Desktop/Projects/cpp/GameEngine/CppGameEngine/Makefile&quot;  VERBOSE=1 CppGameEngine/fast"/>
					<CompileFile command="/usr/bin/make -j8 -f &quot;/home/dra/Desktop/Projects/cpp/GameEngine/CppGameEngine/Makefile&quot;  VERBOSE=1 &quot;$file&quot;"/>
					<Clean command="/usr/bin/make -j8 -f &quot;/home/dra/Desktop/Projects/cpp/GameEngine/CppGameEngine/Makefile&quot;  VERBOSE=1 clean"/>
					<DistClean command="/usr/bin/make -j8 -f &quot;/home/dra/Desktop/Projects/cpp/GameEngine/CppGameEngine/Makefile&quot;  VERBOSE=1 clean"/>
				</MakeCommands>
			</Target>
		</Build>
		<Unit filename="/home/dra/Desktop/Projects/cpp/GameEngine/CppGameEngine/Game.cpp">
			<Option target="CppGameEngine"/>
		</Unit>
		<Unit filename="/home/dra/Desktop/Projects/cpp/GameEngine/CppGameEngine/Game.h">
			<Option target="CppGameEngine"/>
		</Unit>
		<Unit filename="/home/dra/Desktop/Projects/cpp/GameEngine/CppGameEngine/Matrix.cpp">
			<Option target="CppGameEngine"/>
		</Unit>
		<Unit filename="/home/dra/Desktop/Projects/cpp/GameEngine/CppGameEngine/Matrix.h">
			<Option target="CppGameEngine"/>
		</Unit>
		<Unit filename="/home/dra/Desktop/Projects/cpp/GameEngine/CppGameEngine/Shader.cpp">
			<Option target="CppGameEngine"/>
		</Unit>
		<Unit filename="/home/dra/Desktop/Projects/cpp/GameEngine/CppGameEngine/Shader.h">
			<Option target="CppGameEngine"/>
		</Unit>
		<Unit filename="/home/dra/Desktop/Projects/cpp/GameEngine/CppGameEngine/Sprite.cpp">
			<Option target="CppGameEngine"/>
		</Unit>
		<Unit filename="/home/dra/Desktop/Projects/cpp/GameEngine/CppGameEngine/Sprite.h">
			<Option target="CppGameEngine"/>
		</Unit>
		<Unit filename="/home/dra/Desktop/Projects/cpp/GameEngine/CppGameEngine/Texture.cpp">
			<Option target="CppGameEngine"/>
		</Unit>
		<Unit filename="/home/dra/Desktop/Projects/cpp/GameEngine/CppGameEngine/Texture.h">
			<Option target="CppGameEngine"/>
		</Unit>
		<Unit filename="/home/dra/Desktop/Projects/cpp/GameEngine/CppGameEngine/Vector3.h">
			<Option target="CppGameEngine"/>
		</Unit>
		<Unit filename="/home/dra/Desktop/Projects/cpp/GameEngine/CppGameEngine/VertexPositionUV.h">
			<Option target="CppGameEngine"/>
		</Unit>
		<Unit filename="/home/dra/Desktop/Projects/cpp/GameEngine/Fps/Fps.cpp">
			<Option target="Fps"/>
		</Unit>
		<Unit filename="/home/dra/Desktop/Projects/cpp/GameEngine/Fps/FpsGame.cpp">
			<Option target="Fps"/>
		</Unit>
		<Unit filename="/home/dra/Desktop/Projects/cpp/GameEngine/Fps/FpsGame.h">
			<Option target="Fps"/>
		</Unit>
		<Unit filename="/home/dra/Desktop/Projects/cpp/GameEngine/CMakeLists.txt">
			<Option virtualFolder="CMake Files\"/>
		</Unit>
		<Unit filename="/home/dra/Desktop/Projects/cpp/GameEngine/CppGameEngine/CMakeLists.txt">
			<Option virtualFolder="CMake Files\CppGameEngine\"/>
		</Unit>
		<Unit filename="/home/dra/Desktop/Projects/cpp/GameEngine/../../../../../../usr/local/lib/cmake/glfw3/glfw3Config.cmake">
			<Option virtualFolder="CMake Files\..\..\..\..\..\..\usr\local\lib\cmake\glfw3\"/>
		</Unit>
		<Unit filename="/home/dra/Desktop/Projects/cpp/GameEngine/../../../../../../usr/local/lib/cmake/glfw3/glfw3ConfigVersion.cmake">
			<Option virtualFolder="CMake Files\..\..\..\..\..\..\usr\local\lib\cmake\glfw3\"/>
		</Unit>
		<Unit filename="/home/dra/Desktop/Projects/cpp/GameEngine/../../../../../../usr/local/lib/cmake/glfw3/glfw3Targets-noconfig.cmake">
			<Option virtualFolder="CMake Files\..\..\..\..\..\..\usr\local\lib\cmake\glfw3\"/>
		</Unit>
		<Unit filename="/home/dra/Desktop/Projects/cpp/GameEngine/../../../../../../usr/local/lib/cmake/glfw3/glfw3Targets.cmake">
			<Option virtualFolder="CMake Files\..\..\..\..\..\..\usr\local\lib\cmake\glfw3\"/>
		</Unit>
		<Unit filename="/home/dra/Desktop/Projects/cpp/GameEngine/Fps/CMakeLists.txt">
			<Option virtualFolder="CMake Files\Fps\"/>
		</Unit>
	</Project>
</CodeBlocks_project_file>
